
Microsoft Visual Studio Solution File, Format Version 12.00
# Visual Studio Version 17
VisualStudioVersion = 17.6.33829.357
MinimumVisualStudioVersion = 10.0.40219.1
Project("{2150E333-8FDC-42A3-9474-1A3956D46DE8}") = "ApiGateways", "ApiGateways", "{828B6887-05AB-43EB-A56E-7979C095BEA1}"
EndProject
Project("{2150E333-8FDC-42A3-9474-1A3956D46DE8}") = "BuildingBlocks", "BuildingBlocks", "{9C09485F-7B20-4A7A-BDB3-567331FA172F}"
EndProject
Project("{2150E333-8FDC-42A3-9474-1A3956D46DE8}") = "Mobile", "Mobile", "{78235F48-F547-43CD-86E8-25962AEB6E89}"
EndProject
Project("{2150E333-8FDC-42A3-9474-1A3956D46DE8}") = "Services", "Services", "{252E0B35-4792-4CBD-8C1E-A88A1202DC4C}"
EndProject
Project("{2150E333-8FDC-42A3-9474-1A3956D46DE8}") = "Tests", "Tests", "{2A255A78-36A6-437C-935F-88C349157B82}"
EndProject
Project("{2150E333-8FDC-42A3-9474-1A3956D46DE8}") = "Web", "Web", "{438A8572-CE87-469D-929B-9E9E20D93209}"
EndProject
Project("{FAE04EC0-301F-11D3-BF4B-00C04F79EFBC}") = "ZeroStack.Ocelot", "ApiGateways\ZeroStack.Ocelot\ZeroStack.Ocelot.csproj", "{E4D2212A-C869-48C3-8E33-C283A2C214C4}"
EndProject
Project("{2150E333-8FDC-42A3-9474-1A3956D46DE8}") = "EventBus", "EventBus", "{2D12433B-C9A9-4AAA-8F33-9EB0FA73D9DB}"
EndProject
Project("{FAE04EC0-301F-11D3-BF4B-00C04F79EFBC}") = "ZeroStack.EventBus", "BuildingBlocks\EventBus\ZeroStack.EventBus\ZeroStack.EventBus.csproj", "{07E3CD0B-2FB7-42CB-8ECB-3B327B378A6C}"
EndProject
Project("{FAE04EC0-301F-11D3-BF4B-00C04F79EFBC}") = "ZeroStack.EnevtBus.RabbitMQ", "BuildingBlocks\EventBus\ZeroStack.EnevtBus.RabbitMQ\ZeroStack.EnevtBus.RabbitMQ.csproj", "{5B01D930-0E1D-4D19-BE83-395B14880CD5}"
EndProject
Project("{2150E333-8FDC-42A3-9474-1A3956D46DE8}") = "DeviceCenter", "DeviceCenter", "{4A7A2F89-1967-40FA-B6FA-DF937580C4A6}"
EndProject
Project("{2150E333-8FDC-42A3-9474-1A3956D46DE8}") = "Identity", "Identity", "{F329AAC7-3A5B-4C64-9438-6CC9C655DCBB}"
EndProject
Project("{FAE04EC0-301F-11D3-BF4B-00C04F79EFBC}") = "ZeroStack.DeviceCenter.Domain", "Services\DeviceCenter\ZeroStack.DeviceCenter.Domain\ZeroStack.DeviceCenter.Domain.csproj", "{E8DC84CA-137A-47E9-8A91-C9C259C111F5}"
EndProject
Project("{FAE04EC0-301F-11D3-BF4B-00C04F79EFBC}") = "ZeroStack.DeviceCenter.Application", "Services\DeviceCenter\ZeroStack.DeviceCenter.Application\ZeroStack.DeviceCenter.Application.csproj", "{6F975384-603A-4A06-BFF8-AEA42D3AEC67}"
EndProject
Project("{FAE04EC0-301F-11D3-BF4B-00C04F79EFBC}") = "ZeroStack.DeviceCenter.Infrastructure", "Services\DeviceCenter\ZeroStack.DeviceCenter.Infrastructure\ZeroStack.DeviceCenter.Infrastructure.csproj", "{58838667-5360-42DC-AE4D-CEE432FF5234}"
EndProject
Project("{FAE04EC0-301F-11D3-BF4B-00C04F79EFBC}") = "ZeroStack.DeviceCenter.WebApi", "Services\DeviceCenter\ZeroStack.DeviceCenter.WebApi\ZeroStack.DeviceCenter.WebApi.csproj", "{DD82DDA8-06C9-4B29-8147-7C44FED0B9D2}"
EndProject
Project("{FAE04EC0-301F-11D3-BF4B-00C04F79EFBC}") = "ZeroStack.IdentityServer.WebApi", "Services\Identity\ZeroStack.IdentityServer.WebApi\ZeroStack.IdentityServer.WebApi.csproj", "{9F483600-2D9C-4E82-A8CD-B12534A845FC}"
EndProject
Project("{FAE04EC0-301F-11D3-BF4B-00C04F79EFBC}") = "ZeroStack.DeviceCenter.Web", "Web\ZeroStack.DeviceCenter.Web\ZeroStack.DeviceCenter.Web.csproj", "{840BD092-6B8B-4C9C-9657-00DCA05DC1CB}"
EndProject
Project("{FAE04EC0-301F-11D3-BF4B-00C04F79EFBC}") = "ZeroStack.UnitTests", "Tests\ZeroStack.UnitTests\ZeroStack.UnitTests.csproj", "{17B101C0-DB47-461D-B395-A858AA75221A}"
EndProject
Project("{FAE04EC0-301F-11D3-BF4B-00C04F79EFBC}") = "ZeroStack.IntergrationTests", "Tests\ZeroStack.IntergrationTests\ZeroStack.IntergrationTests.csproj", "{C1FC6589-0CF5-4C40-8E72-3311A43C74B5}"
EndProject
Project("{FAE04EC0-301F-11D3-BF4B-00C04F79EFBC}") = "ZeroStack.FuncationalTests", "Tests\ZeroStack.FuncationalTests\ZeroStack.FuncationalTests.csproj", "{A6DE6F06-9A52-45C1-A08A-0C8D1D6426ED}"
EndProject
Project("{FAE04EC0-301F-11D3-BF4B-00C04F79EFBC}") = "TestProject1", "TestProject1\TestProject1.csproj", "{F924B8B1-131F-4957-BE42-73550A806A8D}"
EndProject
Global
	GlobalSection(SolutionConfigurationPlatforms) = preSolution
		Debug|Any CPU = Debug|Any CPU
		Release|Any CPU = Release|Any CPU
	EndGlobalSection
	GlobalSection(ProjectConfigurationPlatforms) = postSolution
		{E4D2212A-C869-48C3-8E33-C283A2C214C4}.Debug|Any CPU.ActiveCfg = Debug|Any CPU
		{E4D2212A-C869-48C3-8E33-C283A2C214C4}.Debug|Any CPU.Build.0 = Debug|Any CPU
		{E4D2212A-C869-48C3-8E33-C283A2C214C4}.Release|Any CPU.ActiveCfg = Release|Any CPU
		{E4D2212A-C869-48C3-8E33-C283A2C214C4}.Release|Any CPU.Build.0 = Release|Any CPU
		{07E3CD0B-2FB7-42CB-8ECB-3B327B378A6C}.Debug|Any CPU.ActiveCfg = Debug|Any CPU
		{07E3CD0B-2FB7-42CB-8ECB-3B327B378A6C}.Debug|Any CPU.Build.0 = Debug|Any CPU
		{07E3CD0B-2FB7-42CB-8ECB-3B327B378A6C}.Release|Any CPU.ActiveCfg = Release|Any CPU
		{07E3CD0B-2FB7-42CB-8ECB-3B327B378A6C}.Release|Any CPU.Build.0 = Release|Any CPU
		{5B01D930-0E1D-4D19-BE83-395B14880CD5}.Debug|Any CPU.ActiveCfg = Debug|Any CPU
		{5B01D930-0E1D-4D19-BE83-395B14880CD5}.Debug|Any CPU.Build.0 = Debug|Any CPU
		{5B01D930-0E1D-4D19-BE83-395B14880CD5}.Release|Any CPU.ActiveCfg = Release|Any CPU
		{5B01D930-0E1D-4D19-BE83-395B14880CD5}.Release|Any CPU.Build.0 = Release|Any CPU
		{E8DC84CA-137A-47E9-8A91-C9C259C111F5}.Debug|Any CPU.ActiveCfg = Debug|Any CPU
		{E8DC84CA-137A-47E9-8A91-C9C259C111F5}.Debug|Any CPU.Build.0 = Debug|Any CPU
		{E8DC84CA-137A-47E9-8A91-C9C259C111F5}.Release|Any CPU.ActiveCfg = Release|Any CPU
		{E8DC84CA-137A-47E9-8A91-C9C259C111F5}.Release|Any CPU.Build.0 = Release|Any CPU
		{6F975384-603A-4A06-BFF8-AEA42D3AEC67}.Debug|Any CPU.ActiveCfg = Debug|Any CPU
		{6F975384-603A-4A06-BFF8-AEA42D3AEC67}.Debug|Any CPU.Build.0 = Debug|Any CPU
		{6F975384-603A-4A06-BFF8-AEA42D3AEC67}.Release|Any CPU.ActiveCfg = Release|Any CPU
		{6F975384-603A-4A06-BFF8-AEA42D3AEC67}.Release|Any CPU.Build.0 = Release|Any CPU
		{58838667-5360-42DC-AE4D-CEE432FF5234}.Debug|Any CPU.ActiveCfg = Debug|Any CPU
		{58838667-5360-42DC-AE4D-CEE432FF5234}.Debug|Any CPU.Build.0 = Debug|Any CPU
		{58838667-5360-42DC-AE4D-CEE432FF5234}.Release|Any CPU.ActiveCfg = Release|Any CPU
		{58838667-5360-42DC-AE4D-CEE432FF5234}.Release|Any CPU.Build.0 = Release|Any CPU
		{DD82DDA8-06C9-4B29-8147-7C44FED0B9D2}.Debug|Any CPU.ActiveCfg = Debug|Any CPU
		{DD82DDA8-06C9-4B29-8147-7C44FED0B9D2}.Debug|Any CPU.Build.0 = Debug|Any CPU
		{DD82DDA8-06C9-4B29-8147-7C44FED0B9D2}.Release|Any CPU.ActiveCfg = Release|Any CPU
		{DD82DDA8-06C9-4B29-8147-7C44FED0B9D2}.Release|Any CPU.Build.0 = Release|Any CPU
		{9F483600-2D9C-4E82-A8CD-B12534A845FC}.Debug|Any CPU.ActiveCfg = Debug|Any CPU
		{9F483600-2D9C-4E82-A8CD-B12534A845FC}.Debug|Any CPU.Build.0 = Debug|Any CPU
		{9F483600-2D9C-4E82-A8CD-B12534A845FC}.Release|Any CPU.ActiveCfg = Release|Any CPU
		{9F483600-2D9C-4E82-A8CD-B12534A845FC}.Release|Any CPU.Build.0 = Release|Any CPU
		{840BD092-6B8B-4C9C-9657-00DCA05DC1CB}.Debug|Any CPU.ActiveCfg = Debug|Any CPU
		{840BD092-6B8B-4C9C-9657-00DCA05DC1CB}.Debug|Any CPU.Build.0 = Debug|Any CPU
		{840BD092-6B8B-4C9C-9657-00DCA05DC1CB}.Release|Any CPU.ActiveCfg = Release|Any CPU
		{840BD092-6B8B-4C9C-9657-00DCA05DC1CB}.Release|Any CPU.Build.0 = Release|Any CPU
		{17B101C0-DB47-461D-B395-A858AA75221A}.Debug|Any CPU.ActiveCfg = Debug|Any CPU
		{17B101C0-DB47-461D-B395-A858AA75221A}.Debug|Any CPU.Build.0 = Debug|Any CPU
		{17B101C0-DB47-461D-B395-A858AA75221A}.Release|Any CPU.ActiveCfg = Release|Any CPU
		{17B101C0-DB47-461D-B395-A858AA75221A}.Release|Any CPU.Build.0 = Release|Any CPU
		{C1FC6589-0CF5-4C40-8E72-3311A43C74B5}.Debug|Any CPU.ActiveCfg = Debug|Any CPU
		{C1FC6589-0CF5-4C40-8E72-3311A43C74B5}.Debug|Any CPU.Build.0 = Debug|Any CPU
		{C1FC6589-0CF5-4C40-8E72-3311A43C74B5}.Release|Any CPU.ActiveCfg = Release|Any CPU
		{C1FC6589-0CF5-4C40-8E72-3311A43C74B5}.Release|Any CPU.Build.0 = Release|Any CPU
		{A6DE6F06-9A52-45C1-A08A-0C8D1D6426ED}.Debug|Any CPU.ActiveCfg = Debug|Any CPU
		{A6DE6F06-9A52-45C1-A08A-0C8D1D6426ED}.Debug|Any CPU.Build.0 = Debug|Any CPU
		{A6DE6F06-9A52-45C1-A08A-0C8D1D6426ED}.Release|Any CPU.ActiveCfg = Release|Any CPU
		{A6DE6F06-9A52-45C1-A08A-0C8D1D6426ED}.Release|Any CPU.Build.0 = Release|Any CPU
		{F924B8B1-131F-4957-BE42-73550A806A8D}.Debug|Any CPU.ActiveCfg = Debug|Any CPU
		{F924B8B1-131F-4957-BE42-73550A806A8D}.Debug|Any CPU.Build.0 = Debug|Any CPU
		{F924B8B1-131F-4957-BE42-73550A806A8D}.Release|Any CPU.ActiveCfg = Release|Any CPU
		{F924B8B1-131F-4957-BE42-73550A806A8D}.Release|Any CPU.Build.0 = Release|Any CPU
	EndGlobalSection
	GlobalSection(SolutionProperties) = preSolution
		HideSolutionNode = FALSE
	EndGlobalSection
	GlobalSection(NestedProjects) = preSolution
		{E4D2212A-C869-48C3-8E33-C283A2C214C4} = {828B6887-05AB-43EB-A56E-7979C095BEA1}
		{2D12433B-C9A9-4AAA-8F33-9EB0FA73D9DB} = {9C09485F-7B20-4A7A-BDB3-567331FA172F}
		{07E3CD0B-2FB7-42CB-8ECB-3B327B378A6C} = {2D12433B-C9A9-4AAA-8F33-9EB0FA73D9DB}
		{5B01D930-0E1D-4D19-BE83-395B14880CD5} = {2D12433B-C9A9-4AAA-8F33-9EB0FA73D9DB}
		{4A7A2F89-1967-40FA-B6FA-DF937580C4A6} = {252E0B35-4792-4CBD-8C1E-A88A1202DC4C}
		{F329AAC7-3A5B-4C64-9438-6CC9C655DCBB} = {252E0B35-4792-4CBD-8C1E-A88A1202DC4C}
		{E8DC84CA-137A-47E9-8A91-C9C259C111F5} = {4A7A2F89-1967-40FA-B6FA-DF937580C4A6}
		{6F975384-603A-4A06-BFF8-AEA42D3AEC67} = {4A7A2F89-1967-40FA-B6FA-DF937580C4A6}
		{58838667-5360-42DC-AE4D-CEE432FF5234} = {4A7A2F89-1967-40FA-B6FA-DF937580C4A6}
		{DD82DDA8-06C9-4B29-8147-7C44FED0B9D2} = {4A7A2F89-1967-40FA-B6FA-DF937580C4A6}
		{9F483600-2D9C-4E82-A8CD-B12534A845FC} = {F329AAC7-3A5B-4C64-9438-6CC9C655DCBB}
		{840BD092-6B8B-4C9C-9657-00DCA05DC1CB} = {438A8572-CE87-469D-929B-9E9E20D93209}
		{17B101C0-DB47-461D-B395-A858AA75221A} = {2A255A78-36A6-437C-935F-88C349157B82}
		{C1FC6589-0CF5-4C40-8E72-3311A43C74B5} = {2A255A78-36A6-437C-935F-88C349157B82}
		{A6DE6F06-9A52-45C1-A08A-0C8D1D6426ED} = {2A255A78-36A6-437C-935F-88C349157B82}
		{F924B8B1-131F-4957-BE42-73550A806A8D} = {2A255A78-36A6-437C-935F-88C349157B82}
	EndGlobalSection
	GlobalSection(ExtensibilityGlobals) = postSolution
		SolutionGuid = {F6C46AF2-509A-4443-9E52-57BC9494BB19}
	EndGlobalSection
EndGlobal
